{
  "name": "flaredrive",
  "version": "0.0.1",
  "lockfileVersion": 2,
  "requires": true,
  "packages": {
    "": {
      "name": "flaredrive",
      "version": "0.0.1",
      "license": "ISC",
      "devDependencies": {
        "@cloudflare/workers-types": "^3.3.1",
        "@types/node": "^18.7.19",
        "dotenv": "^16.0.2"
      }
    },
    "node_modules/@cloudflare/workers-types": {
      "version": "3.3.1",
      "resolved": "https://registry.npmjs.org/@cloudflare/workers-types/-/workers-types-3.3.1.tgz",
      "integrity": "sha512-GJFDgWd8ZHlr/m+Q2mp4xUl0/FIPpR6kf0Ix2C78E9HeJyUCW0c0w2EKCvgEDFFKB2rkzIX3eBqZCnLsbsw8zQ==",
      "dev": true
    },
    "node_modules/@types/node": {
      "version": "18.7.19",
      "resolved": "https://registry.npmjs.org/@types/node/-/node-18.7.19.tgz",
      "integrity": "sha512-Sq1itGUKUX1ap7GgZlrzdBydjbsJL/NSQt/4wkAxUJ7/OS5c2WkoN6WSpWc2Yc5wtKMZOUA0VCs/j2XJadN3HA==",
      "dev": true
    },
    "node_modules/dotenv": {
      "version": "16.0.2",
      "resolved": "https://registry.npmjs.org/dotenv/-/dotenv-16.0.2.tgz",
      "integrity": "sha512-JvpYKUmzQhYoIFgK2MOnF3bciIZoItIIoryihy0rIA+H4Jy0FmgyKYAHCTN98P5ybGSJcIFbh6QKeJdtZd1qhA==",
      "dev": true,
      "engines": {
        "node": ">=12"
      }
    }
  },
  "dependencies": {
    "@cloudflare/workers-types": {
      "version": "3.3.1",
      "resolved": "https://registry.npmjs.org/@cloudflare/workers-types/-/workers-types-3.3.1.tgz",
      "integrity": "sha512-GJFDgWd8ZHlr/m+Q2mp4xUl0/FIPpR6kf0Ix2C78E9HeJyUCW0c0w2EKCvgEDFFKB2rkzIX3eBqZCnLsbsw8zQ==",
      "dev": true
    },
    "@types/node": {
      "version": "18.7.19",
      "resolved": "https://registry.npmjs.org/@types/node/-/node-18.7.19.tgz",
      "integrity": "sha512-Sq1itGUKUX1ap7GgZlrzdBydjbsJL/NSQt/4wkAxUJ7/OS5c2WkoN6WSpWc2Yc5wtKMZOUA0VCs/j2XJadN3HA==",
      "dev": true
    },
    "dotenv": {
      "version": "16.0.2",
      "resolved": "https://registry.npmjs.org/dotenv/-/dotenv-16.0.2.tgz",
      "integrity": "sha512-JvpYKUmzQhYoIFgK2MOnF3bciIZoItIIoryihy0rIA+H4Jy0FmgyKYAHCTN98P5ybGSJcIFbh6QKeJdtZd1qhA==",
      "dev": true
    }
  }
}
